
Microsoft Visual Studio Solution File, Format Version 12.00
# Visual Studio Version 17
VisualStudioVersion = 17.1.32421.90
MinimumVisualStudioVersion = 10.0.40219.1
Project("{FAE04EC0-301F-11D3-BF4B-00C04F79EFBC}") = "API", "API\API.csproj", "{1912892D-A2BE-4CAE-8010-14A0D5FD8148}"
EndProject
Project("{FAE04EC0-301F-11D3-BF4B-00C04F79EFBC}") = "Tests", "Tests\Tests.csproj", "{5491BF57-80BC-445A-80B9-BF9C435B09F6}"
EndProject
Global
	GlobalSection(SolutionConfigurationPlatforms) = preSolution
		Debug|Any CPU = Debug|Any CPU
		Release|Any CPU = Release|Any CPU
	EndGlobalSection
	GlobalSection(ProjectConfigurationPlatforms) = postSolution
		{1912892D-A2BE-4CAE-8010-14A0D5FD8148}.Debug|Any CPU.ActiveCfg = Debug|Any CPU
		{1912892D-A2BE-4CAE-8010-14A0D5FD8148}.Debug|Any CPU.Build.0 = Debug|Any CPU
		{1912892D-A2BE-4CAE-8010-14A0D5FD8148}.Release|Any CPU.ActiveCfg = Release|Any CPU
		{1912892D-A2BE-4CAE-8010-14A0D5FD8148}.Release|Any CPU.Build.0 = Release|Any CPU
		{5491BF57-80BC-445A-80B9-BF9C435B09F6}.Debug|Any CPU.ActiveCfg = Debug|Any CPU
		{5491BF57-80BC-445A-80B9-BF9C435B09F6}.Debug|Any CPU.Build.0 = Debug|Any CPU
		{5491BF57-80BC-445A-80B9-BF9C435B09F6}.Release|Any CPU.ActiveCfg = Release|Any CPU
		{5491BF57-80BC-445A-80B9-BF9C435B09F6}.Release|Any CPU.Build.0 = Release|Any CPU
	EndGlobalSection
	GlobalSection(SolutionProperties) = preSolution
		HideSolutionNode = FALSE
	EndGlobalSection
	GlobalSection(ExtensibilityGlobals) = postSolution
		SolutionGuid = {A305F027-2066-499D-86DE-57DA01D8DFD8}
	EndGlobalSection
EndGlobal
